
Microsoft Visual Studio Solution File, Format Version 12.00
# Visual Studio Version 17
VisualStudioVersion = 17.3.32922.545
MinimumVisualStudioVersion = 10.0.40219.1
Project("{8BC9CEB8-8B4A-11D0-8D11-00A0C91BC942}") = "Project6.1r", "Project6.1r\Project6.1r.vcxproj", "{C3FBB708-5F92-4508-AC47-8CD2CEAF6305}"
EndProject
Project("{8BC9CEB8-8B4A-11D0-8D11-00A0C91BC942}") = "UnitTest1", "UnitTest1\UnitTest1.vcxproj", "{54EDA915-B737-4839-82B0-E3D683767B2F}"
EndProject
Global
	GlobalSection(SolutionConfigurationPlatforms) = preSolution
		Debug|x64 = Debug|x64
		Debug|x86 = Debug|x86
		Release|x64 = Release|x64
		Release|x86 = Release|x86
	EndGlobalSection
	GlobalSection(ProjectConfigurationPlatforms) = postSolution
		{C3FBB708-5F92-4508-AC47-8CD2CEAF6305}.Debug|x64.ActiveCfg = Debug|x64
		{C3FBB708-5F92-4508-AC47-8CD2CEAF6305}.Debug|x64.Build.0 = Debug|x64
		{C3FBB708-5F92-4508-AC47-8CD2CEAF6305}.Debug|x86.ActiveCfg = Debug|Win32
		{C3FBB708-5F92-4508-AC47-8CD2CEAF6305}.Debug|x86.Build.0 = Debug|Win32
		{C3FBB708-5F92-4508-AC47-8CD2CEAF6305}.Release|x64.ActiveCfg = Release|x64
		{C3FBB708-5F92-4508-AC47-8CD2CEAF6305}.Release|x64.Build.0 = Release|x64
		{C3FBB708-5F92-4508-AC47-8CD2CEAF6305}.Release|x86.ActiveCfg = Release|Win32
		{C3FBB708-5F92-4508-AC47-8CD2CEAF6305}.Release|x86.Build.0 = Release|Win32
		{54EDA915-B737-4839-82B0-E3D683767B2F}.Debug|x64.ActiveCfg = Debug|x64
		{54EDA915-B737-4839-82B0-E3D683767B2F}.Debug|x64.Build.0 = Debug|x64
		{54EDA915-B737-4839-82B0-E3D683767B2F}.Debug|x86.ActiveCfg = Debug|Win32
		{54EDA915-B737-4839-82B0-E3D683767B2F}.Debug|x86.Build.0 = Debug|Win32
		{54EDA915-B737-4839-82B0-E3D683767B2F}.Release|x64.ActiveCfg = Release|x64
		{54EDA915-B737-4839-82B0-E3D683767B2F}.Release|x64.Build.0 = Release|x64
		{54EDA915-B737-4839-82B0-E3D683767B2F}.Release|x86.ActiveCfg = Release|Win32
		{54EDA915-B737-4839-82B0-E3D683767B2F}.Release|x86.Build.0 = Release|Win32
	EndGlobalSection
	GlobalSection(SolutionProperties) = preSolution
		HideSolutionNode = FALSE
	EndGlobalSection
	GlobalSection(ExtensibilityGlobals) = postSolution
		SolutionGuid = {850B1BCF-FE07-415D-A0E2-4FFB49B1A3F2}
	EndGlobalSection
EndGlobal
